
Microsoft Visual Studio Solution File, Format Version 12.00
# Visual Studio Version 17
VisualStudioVersion = 17.5.002.0
MinimumVisualStudioVersion = 10.0.40219.1
Project("{2150E333-8FDC-42A3-9474-1A3956D46DE8}") = "Lab4", "Lab4", "{B616D217-254C-4960-814D-26F8746B2BE2}"
EndProject
Project("{9A19103F-16F7-4668-BE54-9A1E7A4F7556}") = "Lab4.Objects", "Lab4\Lab4.Objects\Lab4.Objects.csproj", "{9ED17BE7-FDE6-439E-B66E-15689BB426F9}"
EndProject
Project("{9A19103F-16F7-4668-BE54-9A1E7A4F7556}") = "Lab4.Web", "Lab4\Lab4.Web\Lab4.Web.csproj", "{D2B6A03E-B055-45B7-B89E-DE795D150121}"
EndProject
Global
	GlobalSection(SolutionConfigurationPlatforms) = preSolution
		Debug|Any CPU = Debug|Any CPU
		Release|Any CPU = Release|Any CPU
	EndGlobalSection
	GlobalSection(ProjectConfigurationPlatforms) = postSolution
		{9ED17BE7-FDE6-439E-B66E-15689BB426F9}.Debug|Any CPU.ActiveCfg = Debug|Any CPU
		{9ED17BE7-FDE6-439E-B66E-15689BB426F9}.Debug|Any CPU.Build.0 = Debug|Any CPU
		{9ED17BE7-FDE6-439E-B66E-15689BB426F9}.Release|Any CPU.ActiveCfg = Release|Any CPU
		{9ED17BE7-FDE6-439E-B66E-15689BB426F9}.Release|Any CPU.Build.0 = Release|Any CPU
		{D2B6A03E-B055-45B7-B89E-DE795D150121}.Debug|Any CPU.ActiveCfg = Debug|Any CPU
		{D2B6A03E-B055-45B7-B89E-DE795D150121}.Debug|Any CPU.Build.0 = Debug|Any CPU
		{D2B6A03E-B055-45B7-B89E-DE795D150121}.Release|Any CPU.ActiveCfg = Release|Any CPU
		{D2B6A03E-B055-45B7-B89E-DE795D150121}.Release|Any CPU.Build.0 = Release|Any CPU
	EndGlobalSection
	GlobalSection(SolutionProperties) = preSolution
		HideSolutionNode = FALSE
	EndGlobalSection
	GlobalSection(NestedProjects) = preSolution
		{9ED17BE7-FDE6-439E-B66E-15689BB426F9} = {B616D217-254C-4960-814D-26F8746B2BE2}
		{D2B6A03E-B055-45B7-B89E-DE795D150121} = {B616D217-254C-4960-814D-26F8746B2BE2}
	EndGlobalSection
	GlobalSection(ExtensibilityGlobals) = postSolution
		SolutionGuid = {BDF9AA5B-31EF-4C48-A5A9-17627B3BB587}
	EndGlobalSection
EndGlobal
